
Microsoft Visual Studio Solution File, Format Version 12.00
# Visual Studio Version 16
VisualStudioVersion = 16.0.30002.166
MinimumVisualStudioVersion = 10.0.40219.1
Project("{FAE04EC0-301F-11D3-BF4B-00C04F79EFBC}") = "critical-thinking-problems", "critical-thinking-problems\critical-thinking-problems.csproj", "{E478800E-73B7-4C68-96B8-E5CAB6EB68D0}"
EndProject
Global
	GlobalSection(SolutionConfigurationPlatforms) = preSolution
		Debug|Any CPU = Debug|Any CPU
		Release|Any CPU = Release|Any CPU
	EndGlobalSection
	GlobalSection(ProjectConfigurationPlatforms) = postSolution
		{E478800E-73B7-4C68-96B8-E5CAB6EB68D0}.Debug|Any CPU.ActiveCfg = Debug|Any CPU
		{E478800E-73B7-4C68-96B8-E5CAB6EB68D0}.Debug|Any CPU.Build.0 = Debug|Any CPU
		{E478800E-73B7-4C68-96B8-E5CAB6EB68D0}.Release|Any CPU.ActiveCfg = Release|Any CPU
		{E478800E-73B7-4C68-96B8-E5CAB6EB68D0}.Release|Any CPU.Build.0 = Release|Any CPU
	EndGlobalSection
	GlobalSection(SolutionProperties) = preSolution
		HideSolutionNode = FALSE
	EndGlobalSection
	GlobalSection(ExtensibilityGlobals) = postSolution
		SolutionGuid = {4FF3CF64-1C68-4AC4-AA0F-9DCCE7407E31}
	EndGlobalSection
EndGlobal
